
Microsoft Visual Studio Solution File, Format Version 10.00
# Visual Studio 2008
Project("{FAE04EC0-301F-11D3-BF4B-00C04F79EFBC}") = "MDT.ThirdParty.Controls", "..\MDT.ThirdParty.Controls\MDT.ThirdParty.Controls.csproj", "{C3DDB32F-3E50-484A-9142-F93472A14323}"
EndProject
Project("{FAE04EC0-301F-11D3-BF4B-00C04F79EFBC}") = "MDT.Tools", "..\MDT.Tools\MDT.Tools.csproj", "{F383ADA9-1A2C-40D6-A6FC-8738658DFF83}"
EndProject
Project("{FAE04EC0-301F-11D3-BF4B-00C04F79EFBC}") = "MDT.Tools.Core", "..\MDT.Tools.Core\MDT.Tools.Core.csproj", "{D53A3267-6A1D-4258-B7A7-14BBEDA88D44}"
EndProject
Project("{FAE04EC0-301F-11D3-BF4B-00C04F79EFBC}") = "MDT.Tools.DB.DocGen.Plugin", "..\MDT.Tools.DB.DocGen.Plugin\MDT.Tools.DB.DocGen.Plugin.csproj", "{093DCCC0-573A-4E93-A2B2-94697F676D6B}"
EndProject
Project("{FAE04EC0-301F-11D3-BF4B-00C04F79EFBC}") = "MDT.Tools.DB.Plugin", "..\MDT.Tools.DB.Plugin\MDT.Tools.DB.Plugin.csproj", "{AE39F6B3-F540-4E28-B9DC-FD5190C67AAF}"
EndProject
Project("{FAE04EC0-301F-11D3-BF4B-00C04F79EFBC}") = "MDT.Tools.DB.TriggerGen.Plugin", "..\MDT.Tools.DB.TriggerGen.Plugin\MDT.Tools.DB.TriggerGen.Plugin.csproj", "{2037AEBC-23E7-4878-994C-1BCACC3E6251}"
EndProject
Project("{FAE04EC0-301F-11D3-BF4B-00C04F79EFBC}") = "MDT.Tools.DB.Java_CodeGen.Plugin", "..\MDT.Tools.DB.Java_CodeGen.Plugin\MDT.Tools.DB.Java_CodeGen.Plugin.csproj", "{192D868F-6350-4498-96A1-284B8F45EDF8}"
EndProject
Project("{FAE04EC0-301F-11D3-BF4B-00C04F79EFBC}") = "MDT.Tools.DB.SetComment.Plugin", "..\MDT.Tools.DB.SetComment.Plugin\MDT.Tools.DB.SetComment.Plugin.csproj", "{5F6860D3-4CD1-4D16-8266-E1276F6C36BB}"
EndProject
Project("{FAE04EC0-301F-11D3-BF4B-00C04F79EFBC}") = "MDT.Tools.DB.Csharp_CodeGen.Plugin", "..\MDT.Tools.DB.Csharp_CodeGen.Plugin\MDT.Tools.DB.Csharp_CodeGen.Plugin.csproj", "{7E4BC7D2-4D04-44C8-9BF7-042236C78F76}"
EndProject
Project("{FAE04EC0-301F-11D3-BF4B-00C04F79EFBC}") = "MDT.Tools.DB.Common", "..\MDT.Tools.DB.Common\MDT.Tools.DB.Common.csproj", "{B75768DD-8D6D-4E35-AEB7-F24BB3EFC8C0}"
EndProject
Project("{FAE04EC0-301F-11D3-BF4B-00C04F79EFBC}") = "MDT.Tools.Template.Plugin", "..\MDT.Tools.Template.Plugin\MDT.Tools.Template.Plugin.csproj", "{50A616E6-5F73-4E51-90CC-D002A5B33624}"
EndProject
Project("{FAE04EC0-301F-11D3-BF4B-00C04F79EFBC}") = "MDT.Tools.Fix.Plugin", "..\MDT.Tools.Fix.Plugin\MDT.Tools.Fix.Plugin.csproj", "{ECC010EC-65CD-4B0E-8FB3-13B367F5A352}"
EndProject
Project("{FAE04EC0-301F-11D3-BF4B-00C04F79EFBC}") = "MDT.Tools.Fix.Common", "..\MDT.Tools.Fix.Common\MDT.Tools.Fix.Common.csproj", "{E541B17C-8C68-4C50-8B2E-D9FF72C249F6}"
EndProject
Project("{FAE04EC0-301F-11D3-BF4B-00C04F79EFBC}") = "MDT.Tools.AutoUpdater", "..\MDT.Tools.AutoUpdater\MDT.Tools.AutoUpdater.csproj", "{255E1F40-5266-485B-8012-273DADDE657C}"
EndProject
Project("{FAE04EC0-301F-11D3-BF4B-00C04F79EFBC}") = "MDT.Tools.AutoUpdater.Config", "..\MDT.Tools.AutoUpdater.Config\MDT.Tools.AutoUpdater.Config.csproj", "{6D023D06-B6F4-43DE-8168-06AC7A288A36}"
EndProject
Project("{FAE04EC0-301F-11D3-BF4B-00C04F79EFBC}") = "MDT.Tools.Lua.Plugin", "..\MDT.Tools.Lua.Plugin\MDT.Tools.Lua.Plugin.csproj", "{E4F122CA-9A00-4626-9D80-C59370F77DA0}"
EndProject
Project("{FAE04EC0-301F-11D3-BF4B-00C04F79EFBC}") = "MDT.Tools.CEDA.Plugin", "..\MDT.Tools.CEDA.Plugin\MDT.Tools.CEDA.Plugin.csproj", "{1D13B51E-520F-4B6A-9BE6-91C3ABA0B86F}"
EndProject
Project("{FAE04EC0-301F-11D3-BF4B-00C04F79EFBC}") = "MDT.Tools.Aliyun.Common", "..\MDT.Tools.Aliyun.Common\MDT.Tools.Aliyun.Common.csproj", "{B02EE0A8-0A37-4783-AFDB-5273A12A0A31}"
EndProject
Project("{FAE04EC0-301F-11D3-BF4B-00C04F79EFBC}") = "MDT.Tools.ErrorReport", "..\MDT.Tools.ErrorReport\MDT.Tools.ErrorReport.csproj", "{77AA0D1E-D9EC-49B8-A794-850CC54E6F6F}"
EndProject
Project("{FAE04EC0-301F-11D3-BF4B-00C04F79EFBC}") = "MDT.Tools.Aliyun.Upload.Plugin", "..\MDT.Tools.Aliyun.Upload.Plugin\MDT.Tools.Aliyun.Upload.Plugin.csproj", "{7AD7D99B-FB15-4AAA-BD3C-747F1C693F92}"
EndProject
Project("{FAE04EC0-301F-11D3-BF4B-00C04F79EFBC}") = "MDT.Tools.DB.Ibatis.Plugin", "..\MDT.Tools.DB.Ibatis.Plugin\MDT.Tools.DB.Ibatis.Plugin.csproj", "{FE4745D4-86B5-493F-8642-FFA3236C2B7B}"
EndProject
Project("{FAE04EC0-301F-11D3-BF4B-00C04F79EFBC}") = "MDT.Tools.MetaDesinger.Plugin", "..\MDT.Tools.MetaDesinger.Plugin\MDT.Tools.MetaDesinger.Plugin.csproj", "{B017CD3A-3E52-492B-83D4-E31FB95BA0E2}"
EndProject
Global
	GlobalSection(SolutionConfigurationPlatforms) = preSolution
		Debug|Any CPU = Debug|Any CPU
		Debug|Mixed Platforms = Debug|Mixed Platforms
		Debug|Win32 = Debug|Win32
		Debug|x64 = Debug|x64
		Debug|x86 = Debug|x86
		Release|Any CPU = Release|Any CPU
		Release|Mixed Platforms = Release|Mixed Platforms
		Release|Win32 = Release|Win32
		Release|x64 = Release|x64
		Release|x86 = Release|x86
	EndGlobalSection
	GlobalSection(ProjectConfigurationPlatforms) = postSolution
		{C3DDB32F-3E50-484A-9142-F93472A14323}.Debug|Any CPU.ActiveCfg = Debug|Any CPU
		{C3DDB32F-3E50-484A-9142-F93472A14323}.Debug|Any CPU.Build.0 = Debug|Any CPU
		{C3DDB32F-3E50-484A-9142-F93472A14323}.Debug|Mixed Platforms.ActiveCfg = Debug|x64
		{C3DDB32F-3E50-484A-9142-F93472A14323}.Debug|Mixed Platforms.Build.0 = Debug|x64
		{C3DDB32F-3E50-484A-9142-F93472A14323}.Debug|Win32.ActiveCfg = Debug|x64
		{C3DDB32F-3E50-484A-9142-F93472A14323}.Debug|x64.ActiveCfg = Debug|x64
		{C3DDB32F-3E50-484A-9142-F93472A14323}.Debug|x64.Build.0 = Debug|x64
		{C3DDB32F-3E50-484A-9142-F93472A14323}.Debug|x86.ActiveCfg = Debug|x86
		{C3DDB32F-3E50-484A-9142-F93472A14323}.Debug|x86.Build.0 = Debug|x86
		{C3DDB32F-3E50-484A-9142-F93472A14323}.Release|Any CPU.ActiveCfg = Release|Any CPU
		{C3DDB32F-3E50-484A-9142-F93472A14323}.Release|Any CPU.Build.0 = Release|Any CPU
		{C3DDB32F-3E50-484A-9142-F93472A14323}.Release|Mixed Platforms.ActiveCfg = Release|x64
		{C3DDB32F-3E50-484A-9142-F93472A14323}.Release|Mixed Platforms.Build.0 = Release|x64
		{C3DDB32F-3E50-484A-9142-F93472A14323}.Release|Win32.ActiveCfg = Release|x64
		{C3DDB32F-3E50-484A-9142-F93472A14323}.Release|x64.ActiveCfg = Release|x64
		{C3DDB32F-3E50-484A-9142-F93472A14323}.Release|x64.Build.0 = Release|x64
		{C3DDB32F-3E50-484A-9142-F93472A14323}.Release|x86.ActiveCfg = Release|x86
		{C3DDB32F-3E50-484A-9142-F93472A14323}.Release|x86.Build.0 = Release|x86
		{F383ADA9-1A2C-40D6-A6FC-8738658DFF83}.Debug|Any CPU.ActiveCfg = Debug|Any CPU
		{F383ADA9-1A2C-40D6-A6FC-8738658DFF83}.Debug|Any CPU.Build.0 = Debug|Any CPU
		{F383ADA9-1A2C-40D6-A6FC-8738658DFF83}.Debug|Mixed Platforms.ActiveCfg = Debug|x64
		{F383ADA9-1A2C-40D6-A6FC-8738658DFF83}.Debug|Mixed Platforms.Build.0 = Debug|x64
		{F383ADA9-1A2C-40D6-A6FC-8738658DFF83}.Debug|Win32.ActiveCfg = Debug|x64
		{F383ADA9-1A2C-40D6-A6FC-8738658DFF83}.Debug|x64.ActiveCfg = Debug|x64
		{F383ADA9-1A2C-40D6-A6FC-8738658DFF83}.Debug|x64.Build.0 = Debug|x64
		{F383ADA9-1A2C-40D6-A6FC-8738658DFF83}.Debug|x86.ActiveCfg = Debug|x86
		{F383ADA9-1A2C-40D6-A6FC-8738658DFF83}.Debug|x86.Build.0 = Debug|x86
		{F383ADA9-1A2C-40D6-A6FC-8738658DFF83}.Release|Any CPU.ActiveCfg = Release|Any CPU
		{F383ADA9-1A2C-40D6-A6FC-8738658DFF83}.Release|Any CPU.Build.0 = Release|Any CPU
		{F383ADA9-1A2C-40D6-A6FC-8738658DFF83}.Release|Mixed Platforms.ActiveCfg = Release|x64
		{F383ADA9-1A2C-40D6-A6FC-8738658DFF83}.Release|Mixed Platforms.Build.0 = Release|x64
		{F383ADA9-1A2C-40D6-A6FC-8738658DFF83}.Release|Win32.ActiveCfg = Release|x64
		{F383ADA9-1A2C-40D6-A6FC-8738658DFF83}.Release|x64.ActiveCfg = Release|x64
		{F383ADA9-1A2C-40D6-A6FC-8738658DFF83}.Release|x64.Build.0 = Release|x64
		{F383ADA9-1A2C-40D6-A6FC-8738658DFF83}.Release|x86.ActiveCfg = Release|x86
		{F383ADA9-1A2C-40D6-A6FC-8738658DFF83}.Release|x86.Build.0 = Release|x86
		{D53A3267-6A1D-4258-B7A7-14BBEDA88D44}.Debug|Any CPU.ActiveCfg = Debug|Any CPU
		{D53A3267-6A1D-4258-B7A7-14BBEDA88D44}.Debug|Any CPU.Build.0 = Debug|Any CPU
		{D53A3267-6A1D-4258-B7A7-14BBEDA88D44}.Debug|Mixed Platforms.ActiveCfg = Debug|x64
		{D53A3267-6A1D-4258-B7A7-14BBEDA88D44}.Debug|Mixed Platforms.Build.0 = Debug|x64
		{D53A3267-6A1D-4258-B7A7-14BBEDA88D44}.Debug|Win32.ActiveCfg = Debug|x64
		{D53A3267-6A1D-4258-B7A7-14BBEDA88D44}.Debug|x64.ActiveCfg = Debug|x64
		{D53A3267-6A1D-4258-B7A7-14BBEDA88D44}.Debug|x64.Build.0 = Debug|x64
		{D53A3267-6A1D-4258-B7A7-14BBEDA88D44}.Debug|x86.ActiveCfg = Debug|x86
		{D53A3267-6A1D-4258-B7A7-14BBEDA88D44}.Debug|x86.Build.0 = Debug|x86
		{D53A3267-6A1D-4258-B7A7-14BBEDA88D44}.Release|Any CPU.ActiveCfg = Release|Any CPU
		{D53A3267-6A1D-4258-B7A7-14BBEDA88D44}.Release|Any CPU.Build.0 = Release|Any CPU
		{D53A3267-6A1D-4258-B7A7-14BBEDA88D44}.Release|Mixed Platforms.ActiveCfg = Release|x64
		{D53A3267-6A1D-4258-B7A7-14BBEDA88D44}.Release|Mixed Platforms.Build.0 = Release|x64
		{D53A3267-6A1D-4258-B7A7-14BBEDA88D44}.Release|Win32.ActiveCfg = Release|x64
		{D53A3267-6A1D-4258-B7A7-14BBEDA88D44}.Release|x64.ActiveCfg = Release|x64
		{D53A3267-6A1D-4258-B7A7-14BBEDA88D44}.Release|x64.Build.0 = Release|x64
		{D53A3267-6A1D-4258-B7A7-14BBEDA88D44}.Release|x86.ActiveCfg = Release|x86
		{D53A3267-6A1D-4258-B7A7-14BBEDA88D44}.Release|x86.Build.0 = Release|x86
		{093DCCC0-573A-4E93-A2B2-94697F676D6B}.Debug|Any CPU.ActiveCfg = Debug|Any CPU
		{093DCCC0-573A-4E93-A2B2-94697F676D6B}.Debug|Any CPU.Build.0 = Debug|Any CPU
		{093DCCC0-573A-4E93-A2B2-94697F676D6B}.Debug|Mixed Platforms.ActiveCfg = Debug|x64
		{093DCCC0-573A-4E93-A2B2-94697F676D6B}.Debug|Mixed Platforms.Build.0 = Debug|x64
		{093DCCC0-573A-4E93-A2B2-94697F676D6B}.Debug|Win32.ActiveCfg = Debug|x64
		{093DCCC0-573A-4E93-A2B2-94697F676D6B}.Debug|x64.ActiveCfg = Debug|x64
		{093DCCC0-573A-4E93-A2B2-94697F676D6B}.Debug|x64.Build.0 = Debug|x64
		{093DCCC0-573A-4E93-A2B2-94697F676D6B}.Debug|x86.ActiveCfg = Debug|x86
		{093DCCC0-573A-4E93-A2B2-94697F676D6B}.Debug|x86.Build.0 = Debug|x86
		{093DCCC0-573A-4E93-A2B2-94697F676D6B}.Release|Any CPU.ActiveCfg = Release|Any CPU
		{093DCCC0-573A-4E93-A2B2-94697F676D6B}.Release|Any CPU.Build.0 = Release|Any CPU
		{093DCCC0-573A-4E93-A2B2-94697F676D6B}.Release|Mixed Platforms.ActiveCfg = Release|x64
		{093DCCC0-573A-4E93-A2B2-94697F676D6B}.Release|Mixed Platforms.Build.0 = Release|x64
		{093DCCC0-573A-4E93-A2B2-94697F676D6B}.Release|Win32.ActiveCfg = Release|x64
		{093DCCC0-573A-4E93-A2B2-94697F676D6B}.Release|x64.ActiveCfg = Release|x64
		{093DCCC0-573A-4E93-A2B2-94697F676D6B}.Release|x64.Build.0 = Release|x64
		{093DCCC0-573A-4E93-A2B2-94697F676D6B}.Release|x86.ActiveCfg = Release|x86
		{093DCCC0-573A-4E93-A2B2-94697F676D6B}.Release|x86.Build.0 = Release|x86
		{AE39F6B3-F540-4E28-B9DC-FD5190C67AAF}.Debug|Any CPU.ActiveCfg = Debug|Any CPU
		{AE39F6B3-F540-4E28-B9DC-FD5190C67AAF}.Debug|Any CPU.Build.0 = Debug|Any CPU
		{AE39F6B3-F540-4E28-B9DC-FD5190C67AAF}.Debug|Mixed Platforms.ActiveCfg = Debug|x64
		{AE39F6B3-F540-4E28-B9DC-FD5190C67AAF}.Debug|Mixed Platforms.Build.0 = Debug|x64
		{AE39F6B3-F540-4E28-B9DC-FD5190C67AAF}.Debug|Win32.ActiveCfg = Debug|x64
		{AE39F6B3-F540-4E28-B9DC-FD5190C67AAF}.Debug|x64.ActiveCfg = Debug|x64
		{AE39F6B3-F540-4E28-B9DC-FD5190C67AAF}.Debug|x64.Build.0 = Debug|x64
		{AE39F6B3-F540-4E28-B9DC-FD5190C67AAF}.Debug|x86.ActiveCfg = Debug|x86
		{AE39F6B3-F540-4E28-B9DC-FD5190C67AAF}.Debug|x86.Build.0 = Debug|x86
		{AE39F6B3-F540-4E28-B9DC-FD5190C67AAF}.Release|Any CPU.ActiveCfg = Release|Any CPU
		{AE39F6B3-F540-4E28-B9DC-FD5190C67AAF}.Release|Any CPU.Build.0 = Release|Any CPU
		{AE39F6B3-F540-4E28-B9DC-FD5190C67AAF}.Release|Mixed Platforms.ActiveCfg = Release|x64
		{AE39F6B3-F540-4E28-B9DC-FD5190C67AAF}.Release|Mixed Platforms.Build.0 = Release|x64
		{AE39F6B3-F540-4E28-B9DC-FD5190C67AAF}.Release|Win32.ActiveCfg = Release|x64
		{AE39F6B3-F540-4E28-B9DC-FD5190C67AAF}.Release|x64.ActiveCfg = Release|x64
		{AE39F6B3-F540-4E28-B9DC-FD5190C67AAF}.Release|x64.Build.0 = Release|x64
		{AE39F6B3-F540-4E28-B9DC-FD5190C67AAF}.Release|x86.ActiveCfg = Release|x86
		{AE39F6B3-F540-4E28-B9DC-FD5190C67AAF}.Release|x86.Build.0 = Release|x86
		{2037AEBC-23E7-4878-994C-1BCACC3E6251}.Debug|Any CPU.ActiveCfg = Debug|Any CPU
		{2037AEBC-23E7-4878-994C-1BCACC3E6251}.Debug|Any CPU.Build.0 = Debug|Any CPU
		{2037AEBC-23E7-4878-994C-1BCACC3E6251}.Debug|Mixed Platforms.ActiveCfg = Debug|x64
		{2037AEBC-23E7-4878-994C-1BCACC3E6251}.Debug|Mixed Platforms.Build.0 = Debug|x64
		{2037AEBC-23E7-4878-994C-1BCACC3E6251}.Debug|Win32.ActiveCfg = Debug|x64
		{2037AEBC-23E7-4878-994C-1BCACC3E6251}.Debug|x64.ActiveCfg = Debug|x64
		{2037AEBC-23E7-4878-994C-1BCACC3E6251}.Debug|x64.Build.0 = Debug|x64
		{2037AEBC-23E7-4878-994C-1BCACC3E6251}.Debug|x86.ActiveCfg = Debug|x86
		{2037AEBC-23E7-4878-994C-1BCACC3E6251}.Debug|x86.Build.0 = Debug|x86
		{2037AEBC-23E7-4878-994C-1BCACC3E6251}.Release|Any CPU.ActiveCfg = Release|Any CPU
		{2037AEBC-23E7-4878-994C-1BCACC3E6251}.Release|Any CPU.Build.0 = Release|Any CPU
		{2037AEBC-23E7-4878-994C-1BCACC3E6251}.Release|Mixed Platforms.ActiveCfg = Release|x64
		{2037AEBC-23E7-4878-994C-1BCACC3E6251}.Release|Mixed Platforms.Build.0 = Release|x64
		{2037AEBC-23E7-4878-994C-1BCACC3E6251}.Release|Win32.ActiveCfg = Release|x64
		{2037AEBC-23E7-4878-994C-1BCACC3E6251}.Release|x64.ActiveCfg = Release|x64
		{2037AEBC-23E7-4878-994C-1BCACC3E6251}.Release|x64.Build.0 = Release|x64
		{2037AEBC-23E7-4878-994C-1BCACC3E6251}.Release|x86.ActiveCfg = Release|x86
		{2037AEBC-23E7-4878-994C-1BCACC3E6251}.Release|x86.Build.0 = Release|x86
		{192D868F-6350-4498-96A1-284B8F45EDF8}.Debug|Any CPU.ActiveCfg = Debug|Any CPU
		{192D868F-6350-4498-96A1-284B8F45EDF8}.Debug|Any CPU.Build.0 = Debug|Any CPU
		{192D868F-6350-4498-96A1-284B8F45EDF8}.Debug|Mixed Platforms.ActiveCfg = Debug|x64
		{192D868F-6350-4498-96A1-284B8F45EDF8}.Debug|Mixed Platforms.Build.0 = Debug|x64
		{192D868F-6350-4498-96A1-284B8F45EDF8}.Debug|Win32.ActiveCfg = Debug|x64
		{192D868F-6350-4498-96A1-284B8F45EDF8}.Debug|x64.ActiveCfg = Debug|x64
		{192D868F-6350-4498-96A1-284B8F45EDF8}.Debug|x64.Build.0 = Debug|x64
		{192D868F-6350-4498-96A1-284B8F45EDF8}.Debug|x86.ActiveCfg = Debug|x86
		{192D868F-6350-4498-96A1-284B8F45EDF8}.Debug|x86.Build.0 = Debug|x86
		{192D868F-6350-4498-96A1-284B8F45EDF8}.Release|Any CPU.ActiveCfg = Release|Any CPU
		{192D868F-6350-4498-96A1-284B8F45EDF8}.Release|Any CPU.Build.0 = Release|Any CPU
		{192D868F-6350-4498-96A1-284B8F45EDF8}.Release|Mixed Platforms.ActiveCfg = Release|x64
		{192D868F-6350-4498-96A1-284B8F45EDF8}.Release|Mixed Platforms.Build.0 = Release|x64
		{192D868F-6350-4498-96A1-284B8F45EDF8}.Release|Win32.ActiveCfg = Release|x64
		{192D868F-6350-4498-96A1-284B8F45EDF8}.Release|x64.ActiveCfg = Release|x64
		{192D868F-6350-4498-96A1-284B8F45EDF8}.Release|x64.Build.0 = Release|x64
		{192D868F-6350-4498-96A1-284B8F45EDF8}.Release|x86.ActiveCfg = Release|x86
		{192D868F-6350-4498-96A1-284B8F45EDF8}.Release|x86.Build.0 = Release|x86
		{5F6860D3-4CD1-4D16-8266-E1276F6C36BB}.Debug|Any CPU.ActiveCfg = Debug|Any CPU
		{5F6860D3-4CD1-4D16-8266-E1276F6C36BB}.Debug|Any CPU.Build.0 = Debug|Any CPU
		{5F6860D3-4CD1-4D16-8266-E1276F6C36BB}.Debug|Mixed Platforms.ActiveCfg = Debug|x64
		{5F6860D3-4CD1-4D16-8266-E1276F6C36BB}.Debug|Mixed Platforms.Build.0 = Debug|x64
		{5F6860D3-4CD1-4D16-8266-E1276F6C36BB}.Debug|Win32.ActiveCfg = Debug|x64
		{5F6860D3-4CD1-4D16-8266-E1276F6C36BB}.Debug|x64.ActiveCfg = Debug|x64
		{5F6860D3-4CD1-4D16-8266-E1276F6C36BB}.Debug|x64.Build.0 = Debug|x64
		{5F6860D3-4CD1-4D16-8266-E1276F6C36BB}.Debug|x86.ActiveCfg = Debug|x86
		{5F6860D3-4CD1-4D16-8266-E1276F6C36BB}.Debug|x86.Build.0 = Debug|x86
		{5F6860D3-4CD1-4D16-8266-E1276F6C36BB}.Release|Any CPU.ActiveCfg = Release|Any CPU
		{5F6860D3-4CD1-4D16-8266-E1276F6C36BB}.Release|Any CPU.Build.0 = Release|Any CPU
		{5F6860D3-4CD1-4D16-8266-E1276F6C36BB}.Release|Mixed Platforms.ActiveCfg = Release|x64
		{5F6860D3-4CD1-4D16-8266-E1276F6C36BB}.Release|Mixed Platforms.Build.0 = Release|x64
		{5F6860D3-4CD1-4D16-8266-E1276F6C36BB}.Release|Win32.ActiveCfg = Release|x64
		{5F6860D3-4CD1-4D16-8266-E1276F6C36BB}.Release|x64.ActiveCfg = Release|x64
		{5F6860D3-4CD1-4D16-8266-E1276F6C36BB}.Release|x64.Build.0 = Release|x64
		{5F6860D3-4CD1-4D16-8266-E1276F6C36BB}.Release|x86.ActiveCfg = Release|x86
		{5F6860D3-4CD1-4D16-8266-E1276F6C36BB}.Release|x86.Build.0 = Release|x86
		{7E4BC7D2-4D04-44C8-9BF7-042236C78F76}.Debug|Any CPU.ActiveCfg = Debug|Any CPU
		{7E4BC7D2-4D04-44C8-9BF7-042236C78F76}.Debug|Any CPU.Build.0 = Debug|Any CPU
		{7E4BC7D2-4D04-44C8-9BF7-042236C78F76}.Debug|Mixed Platforms.ActiveCfg = Debug|x64
		{7E4BC7D2-4D04-44C8-9BF7-042236C78F76}.Debug|Mixed Platforms.Build.0 = Debug|x64
		{7E4BC7D2-4D04-44C8-9BF7-042236C78F76}.Debug|Win32.ActiveCfg = Debug|x64
		{7E4BC7D2-4D04-44C8-9BF7-042236C78F76}.Debug|x64.ActiveCfg = Debug|x64
		{7E4BC7D2-4D04-44C8-9BF7-042236C78F76}.Debug|x64.Build.0 = Debug|x64
		{7E4BC7D2-4D04-44C8-9BF7-042236C78F76}.Debug|x86.ActiveCfg = Debug|x86
		{7E4BC7D2-4D04-44C8-9BF7-042236C78F76}.Debug|x86.Build.0 = Debug|x86
		{7E4BC7D2-4D04-44C8-9BF7-042236C78F76}.Release|Any CPU.ActiveCfg = Release|Any CPU
		{7E4BC7D2-4D04-44C8-9BF7-042236C78F76}.Release|Any CPU.Build.0 = Release|Any CPU
		{7E4BC7D2-4D04-44C8-9BF7-042236C78F76}.Release|Mixed Platforms.ActiveCfg = Release|x64
		{7E4BC7D2-4D04-44C8-9BF7-042236C78F76}.Release|Mixed Platforms.Build.0 = Release|x64
		{7E4BC7D2-4D04-44C8-9BF7-042236C78F76}.Release|Win32.ActiveCfg = Release|x64
		{7E4BC7D2-4D04-44C8-9BF7-042236C78F76}.Release|x64.ActiveCfg = Release|x64
		{7E4BC7D2-4D04-44C8-9BF7-042236C78F76}.Release|x64.Build.0 = Release|x64
		{7E4BC7D2-4D04-44C8-9BF7-042236C78F76}.Release|x86.ActiveCfg = Release|x86
		{7E4BC7D2-4D04-44C8-9BF7-042236C78F76}.Release|x86.Build.0 = Release|x86
		{B75768DD-8D6D-4E35-AEB7-F24BB3EFC8C0}.Debug|Any CPU.ActiveCfg = Debug|Any CPU
		{B75768DD-8D6D-4E35-AEB7-F24BB3EFC8C0}.Debug|Any CPU.Build.0 = Debug|Any CPU
		{B75768DD-8D6D-4E35-AEB7-F24BB3EFC8C0}.Debug|Mixed Platforms.ActiveCfg = Debug|x64
		{B75768DD-8D6D-4E35-AEB7-F24BB3EFC8C0}.Debug|Mixed Platforms.Build.0 = Debug|x64
		{B75768DD-8D6D-4E35-AEB7-F24BB3EFC8C0}.Debug|Win32.ActiveCfg = Debug|x64
		{B75768DD-8D6D-4E35-AEB7-F24BB3EFC8C0}.Debug|x64.ActiveCfg = Debug|x64
		{B75768DD-8D6D-4E35-AEB7-F24BB3EFC8C0}.Debug|x64.Build.0 = Debug|x64
		{B75768DD-8D6D-4E35-AEB7-F24BB3EFC8C0}.Debug|x86.ActiveCfg = Debug|x86
		{B75768DD-8D6D-4E35-AEB7-F24BB3EFC8C0}.Debug|x86.Build.0 = Debug|x86
		{B75768DD-8D6D-4E35-AEB7-F24BB3EFC8C0}.Release|Any CPU.ActiveCfg = Release|Any CPU
		{B75768DD-8D6D-4E35-AEB7-F24BB3EFC8C0}.Release|Any CPU.Build.0 = Release|Any CPU
		{B75768DD-8D6D-4E35-AEB7-F24BB3EFC8C0}.Release|Mixed Platforms.ActiveCfg = Release|x64
		{B75768DD-8D6D-4E35-AEB7-F24BB3EFC8C0}.Release|Mixed Platforms.Build.0 = Release|x64
		{B75768DD-8D6D-4E35-AEB7-F24BB3EFC8C0}.Release|Win32.ActiveCfg = Release|x64
		{B75768DD-8D6D-4E35-AEB7-F24BB3EFC8C0}.Release|x64.ActiveCfg = Release|x64
		{B75768DD-8D6D-4E35-AEB7-F24BB3EFC8C0}.Release|x64.Build.0 = Release|x64
		{B75768DD-8D6D-4E35-AEB7-F24BB3EFC8C0}.Release|x86.ActiveCfg = Release|x86
		{B75768DD-8D6D-4E35-AEB7-F24BB3EFC8C0}.Release|x86.Build.0 = Release|x86
		{50A616E6-5F73-4E51-90CC-D002A5B33624}.Debug|Any CPU.ActiveCfg = Debug|Any CPU
		{50A616E6-5F73-4E51-90CC-D002A5B33624}.Debug|Any CPU.Build.0 = Debug|Any CPU
		{50A616E6-5F73-4E51-90CC-D002A5B33624}.Debug|Mixed Platforms.ActiveCfg = Debug|x86
		{50A616E6-5F73-4E51-90CC-D002A5B33624}.Debug|Mixed Platforms.Build.0 = Debug|x86
		{50A616E6-5F73-4E51-90CC-D002A5B33624}.Debug|Win32.ActiveCfg = Debug|x86
		{50A616E6-5F73-4E51-90CC-D002A5B33624}.Debug|x64.ActiveCfg = Debug|x64
		{50A616E6-5F73-4E51-90CC-D002A5B33624}.Debug|x64.Build.0 = Debug|x64
		{50A616E6-5F73-4E51-90CC-D002A5B33624}.Debug|x86.ActiveCfg = Debug|Any CPU
		{50A616E6-5F73-4E51-90CC-D002A5B33624}.Release|Any CPU.ActiveCfg = Release|Any CPU
		{50A616E6-5F73-4E51-90CC-D002A5B33624}.Release|Any CPU.Build.0 = Release|Any CPU
		{50A616E6-5F73-4E51-90CC-D002A5B33624}.Release|Mixed Platforms.ActiveCfg = Release|x86
		{50A616E6-5F73-4E51-90CC-D002A5B33624}.Release|Mixed Platforms.Build.0 = Release|x86
		{50A616E6-5F73-4E51-90CC-D002A5B33624}.Release|Win32.ActiveCfg = Release|x86
		{50A616E6-5F73-4E51-90CC-D002A5B33624}.Release|x64.ActiveCfg = Release|x64
		{50A616E6-5F73-4E51-90CC-D002A5B33624}.Release|x64.Build.0 = Release|x64
		{50A616E6-5F73-4E51-90CC-D002A5B33624}.Release|x86.ActiveCfg = Release|x86
		{50A616E6-5F73-4E51-90CC-D002A5B33624}.Release|x86.Build.0 = Release|x86
		{ECC010EC-65CD-4B0E-8FB3-13B367F5A352}.Debug|Any CPU.ActiveCfg = Debug|Any CPU
		{ECC010EC-65CD-4B0E-8FB3-13B367F5A352}.Debug|Any CPU.Build.0 = Debug|Any CPU
		{ECC010EC-65CD-4B0E-8FB3-13B367F5A352}.Debug|Mixed Platforms.ActiveCfg = Debug|x86
		{ECC010EC-65CD-4B0E-8FB3-13B367F5A352}.Debug|Mixed Platforms.Build.0 = Debug|x86
		{ECC010EC-65CD-4B0E-8FB3-13B367F5A352}.Debug|Win32.ActiveCfg = Debug|x86
		{ECC010EC-65CD-4B0E-8FB3-13B367F5A352}.Debug|x64.ActiveCfg = Debug|x64
		{ECC010EC-65CD-4B0E-8FB3-13B367F5A352}.Debug|x64.Build.0 = Debug|x64
		{ECC010EC-65CD-4B0E-8FB3-13B367F5A352}.Debug|x86.ActiveCfg = Debug|Any CPU
		{ECC010EC-65CD-4B0E-8FB3-13B367F5A352}.Release|Any CPU.ActiveCfg = Release|Any CPU
		{ECC010EC-65CD-4B0E-8FB3-13B367F5A352}.Release|Any CPU.Build.0 = Release|Any CPU
		{ECC010EC-65CD-4B0E-8FB3-13B367F5A352}.Release|Mixed Platforms.ActiveCfg = Release|x86
		{ECC010EC-65CD-4B0E-8FB3-13B367F5A352}.Release|Mixed Platforms.Build.0 = Release|x86
		{ECC010EC-65CD-4B0E-8FB3-13B367F5A352}.Release|Win32.ActiveCfg = Release|x86
		{ECC010EC-65CD-4B0E-8FB3-13B367F5A352}.Release|x64.ActiveCfg = Release|x64
		{ECC010EC-65CD-4B0E-8FB3-13B367F5A352}.Release|x64.Build.0 = Release|x64
		{ECC010EC-65CD-4B0E-8FB3-13B367F5A352}.Release|x86.ActiveCfg = Release|x86
		{ECC010EC-65CD-4B0E-8FB3-13B367F5A352}.Release|x86.Build.0 = Release|x86
		{E541B17C-8C68-4C50-8B2E-D9FF72C249F6}.Debug|Any CPU.ActiveCfg = Debug|Any CPU
		{E541B17C-8C68-4C50-8B2E-D9FF72C249F6}.Debug|Any CPU.Build.0 = Debug|Any CPU
		{E541B17C-8C68-4C50-8B2E-D9FF72C249F6}.Debug|Mixed Platforms.ActiveCfg = Debug|x86
		{E541B17C-8C68-4C50-8B2E-D9FF72C249F6}.Debug|Mixed Platforms.Build.0 = Debug|x86
		{E541B17C-8C68-4C50-8B2E-D9FF72C249F6}.Debug|Win32.ActiveCfg = Debug|x86
		{E541B17C-8C68-4C50-8B2E-D9FF72C249F6}.Debug|x64.ActiveCfg = Debug|x64
		{E541B17C-8C68-4C50-8B2E-D9FF72C249F6}.Debug|x64.Build.0 = Debug|x64
		{E541B17C-8C68-4C50-8B2E-D9FF72C249F6}.Debug|x86.ActiveCfg = Debug|Any CPU
		{E541B17C-8C68-4C50-8B2E-D9FF72C249F6}.Release|Any CPU.ActiveCfg = Release|Any CPU
		{E541B17C-8C68-4C50-8B2E-D9FF72C249F6}.Release|Any CPU.Build.0 = Release|Any CPU
		{E541B17C-8C68-4C50-8B2E-D9FF72C249F6}.Release|Mixed Platforms.ActiveCfg = Release|x86
		{E541B17C-8C68-4C50-8B2E-D9FF72C249F6}.Release|Mixed Platforms.Build.0 = Release|x86
		{E541B17C-8C68-4C50-8B2E-D9FF72C249F6}.Release|Win32.ActiveCfg = Release|x86
		{E541B17C-8C68-4C50-8B2E-D9FF72C249F6}.Release|x64.ActiveCfg = Release|x64
		{E541B17C-8C68-4C50-8B2E-D9FF72C249F6}.Release|x64.Build.0 = Release|x64
		{E541B17C-8C68-4C50-8B2E-D9FF72C249F6}.Release|x86.ActiveCfg = Release|x86
		{E541B17C-8C68-4C50-8B2E-D9FF72C249F6}.Release|x86.Build.0 = Release|x86
		{255E1F40-5266-485B-8012-273DADDE657C}.Debug|Any CPU.ActiveCfg = Debug|x64
		{255E1F40-5266-485B-8012-273DADDE657C}.Debug|Mixed Platforms.ActiveCfg = Debug|Any CPU
		{255E1F40-5266-485B-8012-273DADDE657C}.Debug|Mixed Platforms.Build.0 = Debug|Any CPU
		{255E1F40-5266-485B-8012-273DADDE657C}.Debug|Win32.ActiveCfg = Debug|Any CPU
		{255E1F40-5266-485B-8012-273DADDE657C}.Debug|x64.ActiveCfg = Debug|x64
		{255E1F40-5266-485B-8012-273DADDE657C}.Debug|x64.Build.0 = Debug|x64
		{255E1F40-5266-485B-8012-273DADDE657C}.Debug|x86.ActiveCfg = Debug|x64
		{255E1F40-5266-485B-8012-273DADDE657C}.Release|Any CPU.ActiveCfg = Release|Any CPU
		{255E1F40-5266-485B-8012-273DADDE657C}.Release|Any CPU.Build.0 = Release|Any CPU
		{255E1F40-5266-485B-8012-273DADDE657C}.Release|Mixed Platforms.ActiveCfg = Release|Any CPU
		{255E1F40-5266-485B-8012-273DADDE657C}.Release|Mixed Platforms.Build.0 = Release|Any CPU
		{255E1F40-5266-485B-8012-273DADDE657C}.Release|Win32.ActiveCfg = Release|Any CPU
		{255E1F40-5266-485B-8012-273DADDE657C}.Release|x64.ActiveCfg = Release|x64
		{255E1F40-5266-485B-8012-273DADDE657C}.Release|x64.Build.0 = Release|x64
		{255E1F40-5266-485B-8012-273DADDE657C}.Release|x86.ActiveCfg = Release|x86
		{255E1F40-5266-485B-8012-273DADDE657C}.Release|x86.Build.0 = Release|x86
		{6D023D06-B6F4-43DE-8168-06AC7A288A36}.Debug|Any CPU.ActiveCfg = Debug|Any CPU
		{6D023D06-B6F4-43DE-8168-06AC7A288A36}.Debug|Any CPU.Build.0 = Debug|Any CPU
		{6D023D06-B6F4-43DE-8168-06AC7A288A36}.Debug|Mixed Platforms.ActiveCfg = Debug|x86
		{6D023D06-B6F4-43DE-8168-06AC7A288A36}.Debug|Mixed Platforms.Build.0 = Debug|x86
		{6D023D06-B6F4-43DE-8168-06AC7A288A36}.Debug|Win32.ActiveCfg = Debug|x86
		{6D023D06-B6F4-43DE-8168-06AC7A288A36}.Debug|x64.ActiveCfg = Debug|x64
		{6D023D06-B6F4-43DE-8168-06AC7A288A36}.Debug|x64.Build.0 = Debug|x64
		{6D023D06-B6F4-43DE-8168-06AC7A288A36}.Debug|x86.ActiveCfg = Debug|Any CPU
		{6D023D06-B6F4-43DE-8168-06AC7A288A36}.Release|Any CPU.ActiveCfg = Release|Any CPU
		{6D023D06-B6F4-43DE-8168-06AC7A288A36}.Release|Any CPU.Build.0 = Release|Any CPU
		{6D023D06-B6F4-43DE-8168-06AC7A288A36}.Release|Mixed Platforms.ActiveCfg = Release|x86
		{6D023D06-B6F4-43DE-8168-06AC7A288A36}.Release|Mixed Platforms.Build.0 = Release|x86
		{6D023D06-B6F4-43DE-8168-06AC7A288A36}.Release|Win32.ActiveCfg = Release|x86
		{6D023D06-B6F4-43DE-8168-06AC7A288A36}.Release|x64.ActiveCfg = Release|x64
		{6D023D06-B6F4-43DE-8168-06AC7A288A36}.Release|x64.Build.0 = Release|x64
		{6D023D06-B6F4-43DE-8168-06AC7A288A36}.Release|x86.ActiveCfg = Release|x86
		{6D023D06-B6F4-43DE-8168-06AC7A288A36}.Release|x86.Build.0 = Release|x86
		{E4F122CA-9A00-4626-9D80-C59370F77DA0}.Debug|Any CPU.ActiveCfg = Debug|Any CPU
		{E4F122CA-9A00-4626-9D80-C59370F77DA0}.Debug|Any CPU.Build.0 = Debug|Any CPU
		{E4F122CA-9A00-4626-9D80-C59370F77DA0}.Debug|Mixed Platforms.ActiveCfg = Debug|x64
		{E4F122CA-9A00-4626-9D80-C59370F77DA0}.Debug|Mixed Platforms.Build.0 = Debug|x64
		{E4F122CA-9A00-4626-9D80-C59370F77DA0}.Debug|Win32.ActiveCfg = Debug|x64
		{E4F122CA-9A00-4626-9D80-C59370F77DA0}.Debug|x64.ActiveCfg = Debug|x64
		{E4F122CA-9A00-4626-9D80-C59370F77DA0}.Debug|x64.Build.0 = Debug|x64
		{E4F122CA-9A00-4626-9D80-C59370F77DA0}.Debug|x86.ActiveCfg = Debug|x86
		{E4F122CA-9A00-4626-9D80-C59370F77DA0}.Debug|x86.Build.0 = Debug|x86
		{E4F122CA-9A00-4626-9D80-C59370F77DA0}.Release|Any CPU.ActiveCfg = Release|Any CPU
		{E4F122CA-9A00-4626-9D80-C59370F77DA0}.Release|Any CPU.Build.0 = Release|Any CPU
		{E4F122CA-9A00-4626-9D80-C59370F77DA0}.Release|Mixed Platforms.ActiveCfg = Release|x64
		{E4F122CA-9A00-4626-9D80-C59370F77DA0}.Release|Mixed Platforms.Build.0 = Release|x64
		{E4F122CA-9A00-4626-9D80-C59370F77DA0}.Release|Win32.ActiveCfg = Release|x64
		{E4F122CA-9A00-4626-9D80-C59370F77DA0}.Release|x64.ActiveCfg = Release|x64
		{E4F122CA-9A00-4626-9D80-C59370F77DA0}.Release|x64.Build.0 = Release|x64
		{E4F122CA-9A00-4626-9D80-C59370F77DA0}.Release|x86.ActiveCfg = Release|x86
		{E4F122CA-9A00-4626-9D80-C59370F77DA0}.Release|x86.Build.0 = Release|x86
		{1D13B51E-520F-4B6A-9BE6-91C3ABA0B86F}.Debug|Any CPU.ActiveCfg = Debug|Any CPU
		{1D13B51E-520F-4B6A-9BE6-91C3ABA0B86F}.Debug|Any CPU.Build.0 = Debug|Any CPU
		{1D13B51E-520F-4B6A-9BE6-91C3ABA0B86F}.Debug|Mixed Platforms.ActiveCfg = Debug|Any CPU
		{1D13B51E-520F-4B6A-9BE6-91C3ABA0B86F}.Debug|Mixed Platforms.Build.0 = Debug|Any CPU
		{1D13B51E-520F-4B6A-9BE6-91C3ABA0B86F}.Debug|Win32.ActiveCfg = Debug|Any CPU
		{1D13B51E-520F-4B6A-9BE6-91C3ABA0B86F}.Debug|x64.ActiveCfg = Debug|Any CPU
		{1D13B51E-520F-4B6A-9BE6-91C3ABA0B86F}.Debug|x86.ActiveCfg = Debug|Any CPU
		{1D13B51E-520F-4B6A-9BE6-91C3ABA0B86F}.Release|Any CPU.ActiveCfg = Release|Any CPU
		{1D13B51E-520F-4B6A-9BE6-91C3ABA0B86F}.Release|Any CPU.Build.0 = Release|Any CPU
		{1D13B51E-520F-4B6A-9BE6-91C3ABA0B86F}.Release|Mixed Platforms.ActiveCfg = Release|Any CPU
		{1D13B51E-520F-4B6A-9BE6-91C3ABA0B86F}.Release|Mixed Platforms.Build.0 = Release|Any CPU
		{1D13B51E-520F-4B6A-9BE6-91C3ABA0B86F}.Release|Win32.ActiveCfg = Release|Any CPU
		{1D13B51E-520F-4B6A-9BE6-91C3ABA0B86F}.Release|x64.ActiveCfg = Release|x64
		{1D13B51E-520F-4B6A-9BE6-91C3ABA0B86F}.Release|x64.Build.0 = Release|x64
		{1D13B51E-520F-4B6A-9BE6-91C3ABA0B86F}.Release|x86.ActiveCfg = Release|x86
		{1D13B51E-520F-4B6A-9BE6-91C3ABA0B86F}.Release|x86.Build.0 = Release|x86
		{B02EE0A8-0A37-4783-AFDB-5273A12A0A31}.Debug|Any CPU.ActiveCfg = Debug|Any CPU
		{B02EE0A8-0A37-4783-AFDB-5273A12A0A31}.Debug|Any CPU.Build.0 = Debug|Any CPU
		{B02EE0A8-0A37-4783-AFDB-5273A12A0A31}.Debug|Mixed Platforms.ActiveCfg = Debug|Any CPU
		{B02EE0A8-0A37-4783-AFDB-5273A12A0A31}.Debug|Mixed Platforms.Build.0 = Debug|Any CPU
		{B02EE0A8-0A37-4783-AFDB-5273A12A0A31}.Debug|Win32.ActiveCfg = Debug|Any CPU
		{B02EE0A8-0A37-4783-AFDB-5273A12A0A31}.Debug|x64.ActiveCfg = Debug|Any CPU
		{B02EE0A8-0A37-4783-AFDB-5273A12A0A31}.Debug|x86.ActiveCfg = Debug|Any CPU
		{B02EE0A8-0A37-4783-AFDB-5273A12A0A31}.Release|Any CPU.ActiveCfg = Release|Any CPU
		{B02EE0A8-0A37-4783-AFDB-5273A12A0A31}.Release|Any CPU.Build.0 = Release|Any CPU
		{B02EE0A8-0A37-4783-AFDB-5273A12A0A31}.Release|Mixed Platforms.ActiveCfg = Release|Any CPU
		{B02EE0A8-0A37-4783-AFDB-5273A12A0A31}.Release|Mixed Platforms.Build.0 = Release|Any CPU
		{B02EE0A8-0A37-4783-AFDB-5273A12A0A31}.Release|Win32.ActiveCfg = Release|Any CPU
		{B02EE0A8-0A37-4783-AFDB-5273A12A0A31}.Release|x64.ActiveCfg = Release|Any CPU
		{B02EE0A8-0A37-4783-AFDB-5273A12A0A31}.Release|x86.ActiveCfg = Release|x86
		{B02EE0A8-0A37-4783-AFDB-5273A12A0A31}.Release|x86.Build.0 = Release|x86
		{77AA0D1E-D9EC-49B8-A794-850CC54E6F6F}.Debug|Any CPU.ActiveCfg = Debug|Any CPU
		{77AA0D1E-D9EC-49B8-A794-850CC54E6F6F}.Debug|Any CPU.Build.0 = Debug|Any CPU
		{77AA0D1E-D9EC-49B8-A794-850CC54E6F6F}.Debug|Mixed Platforms.ActiveCfg = Debug|Any CPU
		{77AA0D1E-D9EC-49B8-A794-850CC54E6F6F}.Debug|Mixed Platforms.Build.0 = Debug|Any CPU
		{77AA0D1E-D9EC-49B8-A794-850CC54E6F6F}.Debug|Win32.ActiveCfg = Debug|Any CPU
		{77AA0D1E-D9EC-49B8-A794-850CC54E6F6F}.Debug|x64.ActiveCfg = Debug|Any CPU
		{77AA0D1E-D9EC-49B8-A794-850CC54E6F6F}.Debug|x86.ActiveCfg = Debug|Any CPU
		{77AA0D1E-D9EC-49B8-A794-850CC54E6F6F}.Release|Any CPU.ActiveCfg = Release|Any CPU
		{77AA0D1E-D9EC-49B8-A794-850CC54E6F6F}.Release|Any CPU.Build.0 = Release|Any CPU
		{77AA0D1E-D9EC-49B8-A794-850CC54E6F6F}.Release|Mixed Platforms.ActiveCfg = Release|Any CPU
		{77AA0D1E-D9EC-49B8-A794-850CC54E6F6F}.Release|Mixed Platforms.Build.0 = Release|Any CPU
		{77AA0D1E-D9EC-49B8-A794-850CC54E6F6F}.Release|Win32.ActiveCfg = Release|Any CPU
		{77AA0D1E-D9EC-49B8-A794-850CC54E6F6F}.Release|x64.ActiveCfg = Release|Any CPU
		{77AA0D1E-D9EC-49B8-A794-850CC54E6F6F}.Release|x86.ActiveCfg = Release|x86
		{77AA0D1E-D9EC-49B8-A794-850CC54E6F6F}.Release|x86.Build.0 = Release|x86
		{7AD7D99B-FB15-4AAA-BD3C-747F1C693F92}.Debug|Any CPU.ActiveCfg = Debug|Any CPU
		{7AD7D99B-FB15-4AAA-BD3C-747F1C693F92}.Debug|Any CPU.Build.0 = Debug|Any CPU
		{7AD7D99B-FB15-4AAA-BD3C-747F1C693F92}.Debug|Mixed Platforms.ActiveCfg = Debug|x86
		{7AD7D99B-FB15-4AAA-BD3C-747F1C693F92}.Debug|Mixed Platforms.Build.0 = Debug|x86
		{7AD7D99B-FB15-4AAA-BD3C-747F1C693F92}.Debug|Win32.ActiveCfg = Debug|x86
		{7AD7D99B-FB15-4AAA-BD3C-747F1C693F92}.Debug|x64.ActiveCfg = Debug|x86
		{7AD7D99B-FB15-4AAA-BD3C-747F1C693F92}.Debug|x86.ActiveCfg = Debug|x86
		{7AD7D99B-FB15-4AAA-BD3C-747F1C693F92}.Debug|x86.Build.0 = Debug|x86
		{7AD7D99B-FB15-4AAA-BD3C-747F1C693F92}.Release|Any CPU.ActiveCfg = Release|Any CPU
		{7AD7D99B-FB15-4AAA-BD3C-747F1C693F92}.Release|Any CPU.Build.0 = Release|Any CPU
		{7AD7D99B-FB15-4AAA-BD3C-747F1C693F92}.Release|Mixed Platforms.ActiveCfg = Release|x86
		{7AD7D99B-FB15-4AAA-BD3C-747F1C693F92}.Release|Mixed Platforms.Build.0 = Release|x86
		{7AD7D99B-FB15-4AAA-BD3C-747F1C693F92}.Release|Win32.ActiveCfg = Release|x86
		{7AD7D99B-FB15-4AAA-BD3C-747F1C693F92}.Release|x64.ActiveCfg = Release|x86
		{7AD7D99B-FB15-4AAA-BD3C-747F1C693F92}.Release|x86.ActiveCfg = Release|x86
		{7AD7D99B-FB15-4AAA-BD3C-747F1C693F92}.Release|x86.Build.0 = Release|x86
		{FE4745D4-86B5-493F-8642-FFA3236C2B7B}.Debug|Any CPU.ActiveCfg = Debug|Any CPU
		{FE4745D4-86B5-493F-8642-FFA3236C2B7B}.Debug|Any CPU.Build.0 = Debug|Any CPU
		{FE4745D4-86B5-493F-8642-FFA3236C2B7B}.Debug|Mixed Platforms.ActiveCfg = Debug|x64
		{FE4745D4-86B5-493F-8642-FFA3236C2B7B}.Debug|Mixed Platforms.Build.0 = Debug|x64
		{FE4745D4-86B5-493F-8642-FFA3236C2B7B}.Debug|Win32.ActiveCfg = Debug|x64
		{FE4745D4-86B5-493F-8642-FFA3236C2B7B}.Debug|x64.ActiveCfg = Debug|x64
		{FE4745D4-86B5-493F-8642-FFA3236C2B7B}.Debug|x64.Build.0 = Debug|x64
		{FE4745D4-86B5-493F-8642-FFA3236C2B7B}.Debug|x86.ActiveCfg = Debug|x86
		{FE4745D4-86B5-493F-8642-FFA3236C2B7B}.Debug|x86.Build.0 = Debug|x86
		{FE4745D4-86B5-493F-8642-FFA3236C2B7B}.Release|Any CPU.ActiveCfg = Release|Any CPU
		{FE4745D4-86B5-493F-8642-FFA3236C2B7B}.Release|Any CPU.Build.0 = Release|Any CPU
		{FE4745D4-86B5-493F-8642-FFA3236C2B7B}.Release|Mixed Platforms.ActiveCfg = Release|x64
		{FE4745D4-86B5-493F-8642-FFA3236C2B7B}.Release|Mixed Platforms.Build.0 = Release|x64
		{FE4745D4-86B5-493F-8642-FFA3236C2B7B}.Release|Win32.ActiveCfg = Release|x64
		{FE4745D4-86B5-493F-8642-FFA3236C2B7B}.Release|x64.ActiveCfg = Release|x64
		{FE4745D4-86B5-493F-8642-FFA3236C2B7B}.Release|x64.Build.0 = Release|x64
		{FE4745D4-86B5-493F-8642-FFA3236C2B7B}.Release|x86.ActiveCfg = Release|x86
		{FE4745D4-86B5-493F-8642-FFA3236C2B7B}.Release|x86.Build.0 = Release|x86
		{B017CD3A-3E52-492B-83D4-E31FB95BA0E2}.Debug|Any CPU.ActiveCfg = Debug|Any CPU
		{B017CD3A-3E52-492B-83D4-E31FB95BA0E2}.Debug|Any CPU.Build.0 = Debug|Any CPU
		{B017CD3A-3E52-492B-83D4-E31FB95BA0E2}.Debug|Mixed Platforms.ActiveCfg = Debug|Any CPU
		{B017CD3A-3E52-492B-83D4-E31FB95BA0E2}.Debug|Mixed Platforms.Build.0 = Debug|Any CPU
		{B017CD3A-3E52-492B-83D4-E31FB95BA0E2}.Debug|Win32.ActiveCfg = Debug|Any CPU
		{B017CD3A-3E52-492B-83D4-E31FB95BA0E2}.Debug|x64.ActiveCfg = Debug|Any CPU
		{B017CD3A-3E52-492B-83D4-E31FB95BA0E2}.Debug|x86.ActiveCfg = Debug|Any CPU
		{B017CD3A-3E52-492B-83D4-E31FB95BA0E2}.Release|Any CPU.ActiveCfg = Release|Any CPU
		{B017CD3A-3E52-492B-83D4-E31FB95BA0E2}.Release|Any CPU.Build.0 = Release|Any CPU
		{B017CD3A-3E52-492B-83D4-E31FB95BA0E2}.Release|Mixed Platforms.ActiveCfg = Release|Any CPU
		{B017CD3A-3E52-492B-83D4-E31FB95BA0E2}.Release|Mixed Platforms.Build.0 = Release|Any CPU
		{B017CD3A-3E52-492B-83D4-E31FB95BA0E2}.Release|Win32.ActiveCfg = Release|Any CPU
		{B017CD3A-3E52-492B-83D4-E31FB95BA0E2}.Release|x64.ActiveCfg = Release|Any CPU
		{B017CD3A-3E52-492B-83D4-E31FB95BA0E2}.Release|x86.ActiveCfg = Release|x86
		{B017CD3A-3E52-492B-83D4-E31FB95BA0E2}.Release|x86.Build.0 = Release|x86
	EndGlobalSection
	GlobalSection(SolutionProperties) = preSolution
		HideSolutionNode = FALSE
	EndGlobalSection
EndGlobal
